// !$*UTF8*$!
{
	archiveVersion = 1;
	classes = {
	};
	objectVersion = 56;
	objects = {

/* Begin PBXBuildFile section */
		A58665362B7713E900B71F90 /* AppDelegate.swift in Sources */ = {isa = PBXBuildFile; fileRef = A58665352B7713E900B71F90 /* AppDelegate.swift */; };
		A58665382B7713E900B71F90 /* SceneDelegate.swift in Sources */ = {isa = PBXBuildFile; fileRef = A58665372B7713E900B71F90 /* SceneDelegate.swift */; };
		A586653A2B7713E900B71F90 /* ViewController.swift in Sources */ = {isa = PBXBuildFile; fileRef = A58665392B7713E900B71F90 /* ViewController.swift */; };
		A586653D2B7713E900B71F90 /* Main.storyboard in Resources */ = {isa = PBXBuildFile; fileRef = A586653B2B7713E900B71F90 /* Main.storyboard */; };
		A586653F2B7713EC00B71F90 /* Assets.xcassets in Resources */ = {isa = PBXBuildFile; fileRef = A586653E2B7713EC00B71F90 /* Assets.xcassets */; };
		A58665422B7713EC00B71F90 /* LaunchScreen.storyboard in Resources */ = {isa = PBXBuildFile; fileRef = A58665402B7713EC00B71F90 /* LaunchScreen.storyboard */; };
		A586654D2B7713EC00B71F90 /* S567006WhackAMoleTests.swift in Sources */ = {isa = PBXBuildFile; fileRef = A586654C2B7713EC00B71F90 /* S567006WhackAMoleTests.swift */; };
		A58665572B7713EC00B71F90 /* S567006WhackAMoleUITests.swift in Sources */ = {isa = PBXBuildFile; fileRef = A58665562B7713EC00B71F90 /* S567006WhackAMoleUITests.swift */; };
		A58665592B7713EC00B71F90 /* S567006WhackAMoleUITestsLaunchTests.swift in Sources */ = {isa = PBXBuildFile; fileRef = A58665582B7713EC00B71F90 /* S567006WhackAMoleUITestsLaunchTests.swift */; };
/* End PBXBuildFile section */

/* Begin PBXContainerItemProxy section */
		A58665492B7713EC00B71F90 /* PBXContainerItemProxy */ = {
			isa = PBXContainerItemProxy;
			containerPortal = A586652A2B7713E900B71F90 /* Project object */;
			proxyType = 1;
			remoteGlobalIDString = A58665312B7713E900B71F90;
			remoteInfo = S567006WhackAMole;
		};
		A58665532B7713EC00B71F90 /* PBXContainerItemProxy */ = {
			isa = PBXContainerItemProxy;
			containerPortal = A586652A2B7713E900B71F90 /* Project object */;
			proxyType = 1;
			remoteGlobalIDString = A58665312B7713E900B71F90;
			remoteInfo = S567006WhackAMole;
		};
/* End PBXContainerItemProxy section */

/* Begin PBXFileReference section */
		A58665322B7713E900B71F90 /* S567006WhackAMole.app */ = {isa = PBXFileReference; explicitFileType = wrapper.application; includeInIndex = 0; path = S567006WhackAMole.app; sourceTree = BUILT_PRODUCTS_DIR; };
		A58665352B7713E900B71F90 /* AppDelegate.swift */ = {isa = PBXFileReference; lastKnownFileType = sourcecode.swift; path = AppDelegate.swift; sourceTree = "<group>"; };
		A58665372B7713E900B71F90 /* SceneDelegate.swift */ = {isa = PBXFileReference; lastKnownFileType = sourcecode.swift; path = SceneDelegate.swift; sourceTree = "<group>"; };
		A58665392B7713E900B71F90 /* ViewController.swift */ = {isa = PBXFileReference; lastKnownFileType = sourcecode.swift; path = ViewController.swift; sourceTree = "<group>"; };
		A586653C2B7713E900B71F90 /* Base */ = {isa = PBXFileReference; lastKnownFileType = file.storyboard; name = Base; path = Base.lproj/Main.storyboard; sourceTree = "<group>"; };
		A586653E2B7713EC00B71F90 /* Assets.xcassets */ = {isa = PBXFileReference; lastKnownFileType = folder.assetcatalog; path = Assets.xcassets; sourceTree = "<group>"; };
		A58665412B7713EC00B71F90 /* Base */ = {isa = PBXFileReference; lastKnownFileType = file.storyboard; name = Base; path = Base.lproj/LaunchScreen.storyboard; sourceTree = "<group>"; };
		A58665432B7713EC00B71F90 /* Info.plist */ = {isa = PBXFileReference; lastKnownFileType = text.plist.xml; path = Info.plist; sourceTree = "<group>"; };
		A58665482B7713EC00B71F90 /* S567006WhackAMoleTests.xctest */ = {isa = PBXFileReference; explicitFileType = wrapper.cfbundle; includeInIndex = 0; path = S567006WhackAMoleTests.xctest; sourceTree = BUILT_PRODUCTS_DIR; };
		A586654C2B7713EC00B71F90 /* S567006WhackAMoleTests.swift */ = {isa = PBXFileReference; lastKnownFileType = sourcecode.swift; path = S567006WhackAMoleTests.swift; sourceTree = "<group>"; };
		A58665522B7713EC00B71F90 /* S567006WhackAMoleUITests.xctest */ = {isa = PBXFileReference; explicitFileType = wrapper.cfbundle; includeInIndex = 0; path = S567006WhackAMoleUITests.xctest; sourceTree = BUILT_PRODUCTS_DIR; };
		A58665562B7713EC00B71F90 /* S567006WhackAMoleUITests.swift */ = {isa = PBXFileReference; lastKnownFileType = sourcecode.swift; path = S567006WhackAMoleUITests.swift; sourceTree = "<group>"; };
		A58665582B7713EC00B71F90 /* S567006WhackAMoleUITestsLaunchTests.swift */ = {isa = PBXFileReference; lastKnownFileType = sourcecode.swift; path = S567006WhackAMoleUITestsLaunchTests.swift; sourceTree = "<group>"; };
/* End PBXFileReference section */

/* Begin PBXFrameworksBuildPhase section */
		A586652F2B7713E900B71F90 /* Frameworks */ = {
			isa = PBXFrameworksBuildPhase;
			buildActionMask = 2147483647;
			files = (
			);
			runOnlyForDeploymentPostprocessing = 0;
		};
		A58665452B7713EC00B71F90 /* Frameworks */ = {
			isa = PBXFrameworksBuildPhase;
			buildActionMask = 2147483647;
			files = (
			);
			runOnlyForDeploymentPostprocessing = 0;
		};
		A586654F2B7713EC00B71F90 /* Frameworks */ = {
			isa = PBXFrameworksBuildPhase;
			buildActionMask = 2147483647;
			files = (
			);
			runOnlyForDeploymentPostprocessing = 0;
		};
/* End PBXFrameworksBuildPhase section */

/* Begin PBXGroup section */
		A58665292B7713E900B71F90 = {
			isa = PBXGroup;
			children = (
				A58665342B7713E900B71F90 /* S567006WhackAMole */,
				A586654B2B7713EC00B71F90 /* S567006WhackAMoleTests */,
				A58665552B7713EC00B71F90 /* S567006WhackAMoleUITests */,
				A58665332B7713E900B71F90 /* Products */,
			);
			sourceTree = "<group>";
		};
		A58665332B7713E900B71F90 /* Products */ = {
			isa = PBXGroup;
			children = (
				A58665322B7713E900B71F90 /* S567006WhackAMole.app */,
				A58665482B7713EC00B71F90 /* S567006WhackAMoleTests.xctest */,
				A58665522B7713EC00B71F90 /* S567006WhackAMoleUITests.xctest */,
			);
			name = Products;
			sourceTree = "<group>";
		};
		A58665342B7713E900B71F90 /* S567006WhackAMole */ = {
			isa = PBXGroup;
			children = (
				A58665352B7713E900B71F90 /* AppDelegate.swift */,
				A58665372B7713E900B71F90 /* SceneDelegate.swift */,
				A58665392B7713E900B71F90 /* ViewController.swift */,
				A586653B2B7713E900B71F90 /* Main.storyboard */,
				A586653E2B7713EC00B71F90 /* Assets.xcassets */,
				A58665402B7713EC00B71F90 /* LaunchScreen.storyboard */,
				A58665432B7713EC00B71F90 /* Info.plist */,
			);
			path = S567006WhackAMole;
			sourceTree = "<group>";
		};
		A586654B2B7713EC00B71F90 /* S567006WhackAMoleTests */ = {
			isa = PBXGroup;
			children = (
				A586654C2B7713EC00B71F90 /* S567006WhackAMoleTests.swift */,
			);
			path = S567006WhackAMoleTests;
			sourceTree = "<group>";
		};
		A58665552B7713EC00B71F90 /* S567006WhackAMoleUITests */ = {
			isa = PBXGroup;
			children = (
				A58665562B7713EC00B71F90 /* S567006WhackAMoleUITests.swift */,
				A58665582B7713EC00B71F90 /* S567006WhackAMoleUITestsLaunchTests.swift */,
			);
			path = S567006WhackAMoleUITests;
			sourceTree = "<group>";
		};
/* End PBXGroup section */

/* Begin PBXNativeTarget section */
		A58665312B7713E900B71F90 /* S567006WhackAMole */ = {
			isa = PBXNativeTarget;
			buildConfigurationList = A586655C2B7713EC00B71F90 /* Build configuration list for PBXNativeTarget "S567006WhackAMole" */;
			buildPhases = (
				A586652E2B7713E900B71F90 /* Sources */,
				A586652F2B7713E900B71F90 /* Frameworks */,
				A58665302B7713E900B71F90 /* Resources */,
			);
			buildRules = (
			);
			dependencies = (
			);
			name = S567006WhackAMole;
			productName = S567006WhackAMole;
			productReference = A58665322B7713E900B71F90 /* S567006WhackAMole.app */;
			productType = "com.apple.product-type.application";
		};
		A58665472B7713EC00B71F90 /* S567006WhackAMoleTests */ = {
			isa = PBXNativeTarget;
			buildConfigurationList = A586655F2B7713EC00B71F90 /* Build configuration list for PBXNativeTarget "S567006WhackAMoleTests" */;
			buildPhases = (
				A58665442B7713EC00B71F90 /* Sources */,
				A58665452B7713EC00B71F90 /* Frameworks */,
				A58665462B7713EC00B71F90 /* Resources */,
			);
			buildRules = (
			);
			dependencies = (
				A586654A2B7713EC00B71F90 /* PBXTargetDependency */,
			);
			name = S567006WhackAMoleTests;
			productName = S567006WhackAMoleTests;
			productReference = A58665482B7713EC00B71F90 /* S567006WhackAMoleTests.xctest */;
			productType = "com.apple.product-type.bundle.unit-test";
		};
		A58665512B7713EC00B71F90 /* S567006WhackAMoleUITests */ = {
			isa = PBXNativeTarget;
			buildConfigurationList = A58665622B7713EC00B71F90 /* Build configuration list for PBXNativeTarget "S567006WhackAMoleUITests" */;
			buildPhases = (
				A586654E2B7713EC00B71F90 /* Sources */,
				A586654F2B7713EC00B71F90 /* Frameworks */,
				A58665502B7713EC00B71F90 /* Resources */,
			);
			buildRules = (
			);
			dependencies = (
				A58665542B7713EC00B71F90 /* PBXTargetDependency */,
			);
			name = S567006WhackAMoleUITests;
			productName = S567006WhackAMoleUITests;
			productReference = A58665522B7713EC00B71F90 /* S567006WhackAMoleUITests.xctest */;
			productType = "com.apple.product-type.bundle.ui-testing";
		};
/* End PBXNativeTarget section */

/* Begin PBXProject section */
		A586652A2B7713E900B71F90 /* Project object */ = {
			isa = PBXProject;
			attributes = {
				BuildIndependentTargetsInParallel = 1;
				LastSwiftUpdateCheck = 1520;
				LastUpgradeCheck = 1520;
				TargetAttributes = {
					A58665312B7713E900B71F90 = {
						CreatedOnToolsVersion = 15.2;
					};
					A58665472B7713EC00B71F90 = {
						CreatedOnToolsVersion = 15.2;
						TestTargetID = A58665312B7713E900B71F90;
					};
					A58665512B7713EC00B71F90 = {
						CreatedOnToolsVersion = 15.2;
						TestTargetID = A58665312B7713E900B71F90;
					};
				};
			};
			buildConfigurationList = A586652D2B7713E900B71F90 /* Build configuration list for PBXProject "S567006WhackAMole" */;
			compatibilityVersion = "Xcode 14.0";
			developmentRegion = en;
			hasScannedForEncodings = 0;
			knownRegions = (
				en,
				Base,
			);
			mainGroup = A58665292B7713E900B71F90;
			productRefGroup = A58665332B7713E900B71F90 /* Products */;
			projectDirPath = "";
			projectRoot = "";
			targets = (
				A58665312B7713E900B71F90 /* S567006WhackAMole */,
				A58665472B7713EC00B71F90 /* S567006WhackAMoleTests */,
				A58665512B7713EC00B71F90 /* S567006WhackAMoleUITests */,
			);
		};
/* End PBXProject section */

/* Begin PBXResourcesBuildPhase section */
		A58665302B7713E900B71F90 /* Resources */ = {
			isa = PBXResourcesBuildPhase;
			buildActionMask = 2147483647;
			files = (
				A58665422B7713EC00B71F90 /* LaunchScreen.storyboard in Resources */,
				A586653F2B7713EC00B71F90 /* Assets.xcassets in Resources */,
				A586653D2B7713E900B71F90 /* Main.storyboard in Resources */,
			);
			runOnlyForDeploymentPostprocessing = 0;
		};
		A58665462B7713EC00B71F90 /* Resources */ = {
			isa = PBXResourcesBuildPhase;
			buildActionMask = 2147483647;
			files = (
			);
			runOnlyForDeploymentPostprocessing = 0;
		};
		A58665502B7713EC00B71F90 /* Resources */ = {
			isa = PBXResourcesBuildPhase;
			buildActionMask = 2147483647;
			files = (
			);
			runOnlyForDeploymentPostprocessing = 0;
		};
/* End PBXResourcesBuildPhase section */

/* Begin PBXSourcesBuildPhase section */
		A586652E2B7713E900B71F90 /* Sources */ = {
			isa = PBXSourcesBuildPhase;
			buildActionMask = 2147483647;
			files = (
				A586653A2B7713E900B71F90 /* ViewController.swift in Sources */,
				A58665362B7713E900B71F90 /* AppDelegate.swift in Sources */,
				A58665382B7713E900B71F90 /* SceneDelegate.swift in Sources */,
			);
			runOnlyForDeploymentPostprocessing = 0;
		};
		A58665442B7713EC00B71F90 /* Sources */ = {
			isa = PBXSourcesBuildPhase;
			buildActionMask = 2147483647;
			files = (
				A586654D2B7713EC00B71F90 /* S567006WhackAMoleTests.swift in Sources */,
			);
			runOnlyForDeploymentPostprocessing = 0;
		};
		A586654E2B7713EC00B71F90 /* Sources */ = {
			isa = PBXSourcesBuildPhase;
			buildActionMask = 2147483647;
			files = (
				A58665592B7713EC00B71F90 /* S567006WhackAMoleUITestsLaunchTests.swift in Sources */,
				A58665572B7713EC00B71F90 /* S567006WhackAMoleUITests.swift in Sources */,
			);
			runOnlyForDeploymentPostprocessing = 0;
		};
/* End PBXSourcesBuildPhase section */

/* Begin PBXTargetDependency section */
		A586654A2B7713EC00B71F90 /* PBXTargetDependency */ = {
			isa = PBXTargetDependency;
			target = A58665312B7713E900B71F90 /* S567006WhackAMole */;
			targetProxy = A58665492B7713EC00B71F90 /* PBXContainerItemProxy */;
		};
		A58665542B7713EC00B71F90 /* PBXTargetDependency */ = {
			isa = PBXTargetDependency;
			target = A58665312B7713E900B71F90 /* S567006WhackAMole */;
			targetProxy = A58665532B7713EC00B71F90 /* PBXContainerItemProxy */;
		};
/* End PBXTargetDependency section */

/* Begin PBXVariantGroup section */
		A586653B2B7713E900B71F90 /* Main.storyboard */ = {
			isa = PBXVariantGroup;
			children = (
				A586653C2B7713E900B71F90 /* Base */,
			);
			name = Main.storyboard;
			sourceTree = "<group>";
		};
		A58665402B7713EC00B71F90 /* LaunchScreen.storyboard */ = {
			isa = PBXVariantGroup;
			children = (
				A58665412B7713EC00B71F90 /* Base */,
			);
			name = LaunchScreen.storyboard;
			sourceTree = "<group>";
		};
/* End PBXVariantGroup section */

/* Begin XCBuildConfiguration section */
		A586655A2B7713EC00B71F90 /* Debug */ = {
			isa = XCBuildConfiguration;
			buildSettings = {
				ALWAYS_SEARCH_USER_PATHS = NO;
				ASSETCATALOG_COMPILER_GENERATE_SWIFT_ASSET_SYMBOL_EXTENSIONS = YES;
				CLANG_ANALYZER_NONNULL = YES;
				CLANG_ANALYZER_NUMBER_OBJECT_CONVERSION = YES_AGGRESSIVE;
				CLANG_CXX_LANGUAGE_STANDARD = "gnu++20";
				CLANG_ENABLE_MODULES = YES;
				CLANG_ENABLE_OBJC_ARC = YES;
				CLANG_ENABLE_OBJC_WEAK = YES;
				CLANG_WARN_BLOCK_CAPTURE_AUTORELEASING = YES;
				CLANG_WARN_BOOL_CONVERSION = YES;
				CLANG_WARN_COMMA = YES;
				CLANG_WARN_CONSTANT_CONVERSION = YES;
				CLANG_WARN_DEPRECATED_OBJC_IMPLEMENTATIONS = YES;
				CLANG_WARN_DIRECT_OBJC_ISA_USAGE = YES_ERROR;
				CLANG_WARN_DOCUMENTATION_COMMENTS = YES;
				CLANG_WARN_EMPTY_BODY = YES;
				CLANG_WARN_ENUM_CONVERSION = YES;
				CLANG_WARN_INFINITE_RECURSION = YES;
				CLANG_WARN_INT_CONVERSION = YES;
				CLANG_WARN_NON_LITERAL_NULL_CONVERSION = YES;
				CLANG_WARN_OBJC_IMPLICIT_RETAIN_SELF = YES;
				CLANG_WARN_OBJC_LITERAL_CONVERSION = YES;
				CLANG_WARN_OBJC_ROOT_CLASS = YES_ERROR;
				CLANG_WARN_QUOTED_INCLUDE_IN_FRAMEWORK_HEADER = YES;
				CLANG_WARN_RANGE_LOOP_ANALYSIS = YES;
				CLANG_WARN_STRICT_PROTOTYPES = YES;
				CLANG_WARN_SUSPICIOUS_MOVE = YES;
				CLANG_WARN_UNGUARDED_AVAILABILITY = YES_AGGRESSIVE;
				CLANG_WARN_UNREACHABLE_CODE = YES;
				CLANG_WARN__DUPLICATE_METHOD_MATCH = YES;
				COPY_PHASE_STRIP = NO;
				DEBUG_INFORMATION_FORMAT = dwarf;
				ENABLE_STRICT_OBJC_MSGSEND = YES;
				ENABLE_TESTABILITY = YES;
				ENABLE_USER_SCRIPT_SANDBOXING = YES;
				GCC_C_LANGUAGE_STANDARD = gnu17;
				GCC_DYNAMIC_NO_PIC = NO;
				GCC_NO_COMMON_BLOCKS = YES;
				GCC_OPTIMIZATION_LEVEL = 0;
				GCC_PREPROCESSOR_DEFINITIONS = (
					"DEBUG=1",
					"$(inherited)",
				);
				GCC_WARN_64_TO_32_BIT_CONVERSION = YES;
				GCC_WARN_ABOUT_RETURN_TYPE = YES_ERROR;
				GCC_WARN_UNDECLARED_SELECTOR = YES;
				GCC_WARN_UNINITIALIZED_AUTOS = YES_AGGRESSIVE;
				GCC_WARN_UNUSED_FUNCTION = YES;
				GCC_WARN_UNUSED_VARIABLE = YES;
				IPHONEOS_DEPLOYMENT_TARGET = 17.2;
				LOCALIZATION_PREFERS_STRING_CATALOGS = YES;
				MTL_ENABLE_DEBUG_INFO = INCLUDE_SOURCE;
				MTL_FAST_MATH = YES;
				ONLY_ACTIVE_ARCH = YES;
				SDKROOT = iphoneos;
				SWIFT_ACTIVE_COMPILATION_CONDITIONS = "DEBUG $(inherited)";
				SWIFT_OPTIMIZATION_LEVEL = "-Onone";
			};
			name = Debug;
		};
		A586655B2B7713EC00B71F90 /* Release */ = {
			isa = XCBuildConfiguration;
			buildSettings = {
				ALWAYS_SEARCH_USER_PATHS = NO;
				ASSETCATALOG_COMPILER_GENERATE_SWIFT_ASSET_SYMBOL_EXTENSIONS = YES;
				CLANG_ANALYZER_NONNULL = YES;
				CLANG_ANALYZER_NUMBER_OBJECT_CONVERSION = YES_AGGRESSIVE;
				CLANG_CXX_LANGUAGE_STANDARD = "gnu++20";
				CLANG_ENABLE_MODULES = YES;
				CLANG_ENABLE_OBJC_ARC = YES;
				CLANG_ENABLE_OBJC_WEAK = YES;
				CLANG_WARN_BLOCK_CAPTURE_AUTORELEASING = YES;
				CLANG_WARN_BOOL_CONVERSION = YES;
				CLANG_WARN_COMMA = YES;
				CLANG_WARN_CONSTANT_CONVERSION = YES;
				CLANG_WARN_DEPRECATED_OBJC_IMPLEMENTATIONS = YES;
				CLANG_WARN_DIRECT_OBJC_ISA_USAGE = YES_ERROR;
				CLANG_WARN_DOCUMENTATION_COMMENTS = YES;
				CLANG_WARN_EMPTY_BODY = YES;
				CLANG_WARN_ENUM_CONVERSION = YES;
				CLANG_WARN_INFINITE_RECURSION = YES;
				CLANG_WARN_INT_CONVERSION = YES;
				CLANG_WARN_NON_LITERAL_NULL_CONVERSION = YES;
				CLANG_WARN_OBJC_IMPLICIT_RETAIN_SELF = YES;
				CLANG_WARN_OBJC_LITERAL_CONVERSION = YES;
				CLANG_WARN_OBJC_ROOT_CLASS = YES_ERROR;
				CLANG_WARN_QUOTED_INCLUDE_IN_FRAMEWORK_HEADER = YES;
				CLANG_WARN_RANGE_LOOP_ANALYSIS = YES;
				CLANG_WARN_STRICT_PROTOTYPES = YES;
				CLANG_WARN_SUSPICIOUS_MOVE = YES;
				CLANG_WARN_UNGUARDED_AVAILABILITY = YES_AGGRESSIVE;
				CLANG_WARN_UNREACHABLE_CODE = YES;
				CLANG_WARN__DUPLICATE_METHOD_MATCH = YES;
				COPY_PHASE_STRIP = NO;
				DEBUG_INFORMATION_FORMAT = "dwarf-with-dsym";
				ENABLE_NS_ASSERTIONS = NO;
				ENABLE_STRICT_OBJC_MSGSEND = YES;
				ENABLE_USER_SCRIPT_SANDBOXING = YES;
				GCC_C_LANGUAGE_STANDARD = gnu17;
				GCC_NO_COMMON_BLOCKS = YES;
				GCC_WARN_64_TO_32_BIT_CONVERSION = YES;
				GCC_WARN_ABOUT_RETURN_TYPE = YES_ERROR;
				GCC_WARN_UNDECLARED_SELECTOR = YES;
				GCC_WARN_UNINITIALIZED_AUTOS = YES_AGGRESSIVE;
				GCC_WARN_UNUSED_FUNCTION = YES;
				GCC_WARN_UNUSED_VARIABLE = YES;
				IPHONEOS_DEPLOYMENT_TARGET = 17.2;
				LOCALIZATION_PREFERS_STRING_CATALOGS = YES;
				MTL_ENABLE_DEBUG_INFO = NO;
				MTL_FAST_MATH = YES;
				SDKROOT = iphoneos;
				SWIFT_COMPILATION_MODE = wholemodule;
				VALIDATE_PRODUCT = YES;
			};
			name = Release;
		};
		A586655D2B7713EC00B71F90 /* Debug */ = {
			isa = XCBuildConfiguration;
			buildSettings = {
				ASSETCATALOG_COMPILER_APPICON_NAME = AppIcon;
				ASSETCATALOG_COMPILER_GLOBAL_ACCENT_COLOR_NAME = AccentColor;
				CODE_SIGN_STYLE = Automatic;
				CURRENT_PROJECT_VERSION = 1;
				GENERATE_INFOPLIST_FILE = YES;
				INFOPLIST_FILE = S567006WhackAMole/Info.plist;
				INFOPLIST_KEY_UIApplicationSupportsIndirectInputEvents = YES;
				INFOPLIST_KEY_UILaunchStoryboardName = LaunchScreen;
				INFOPLIST_KEY_UIMainStoryboardFile = Main;
				INFOPLIST_KEY_UISupportedInterfaceOrientations_iPad = "UIInterfaceOrientationPortrait UIInterfaceOrientationPortraitUpsideDown UIInterfaceOrientationLandscapeLeft UIInterfaceOrientationLandscapeRight";
				INFOPLIST_KEY_UISupportedInterfaceOrientations_iPhone = "UIInterfaceOrientationPortrait UIInterfaceOrientationLandscapeLeft UIInterfaceOrientationLandscapeRight";
				LD_RUNPATH_SEARCH_PATHS = (
					"$(inherited)",
					"@executable_path/Frameworks",
				);
				MARKETING_VERSION = 1.0;
				PRODUCT_BUNDLE_IDENTIFIER = "-edu.nwmissouri.spring24.cs44643.sec03-.S567006WhackAMole";
				PRODUCT_NAME = "$(TARGET_NAME)";
				SWIFT_EMIT_LOC_STRINGS = YES;
				SWIFT_VERSION = 5.0;
				TARGETED_DEVICE_FAMILY = "1,2";
			};
			name = Debug;
		};
		A586655E2B7713EC00B71F90 /* Release */ = {
			isa = XCBuildConfiguration;
			buildSettings = {
				ASSETCATALOG_COMPILER_APPICON_NAME = AppIcon;
				ASSETCATALOG_COMPILER_GLOBAL_ACCENT_COLOR_NAME = AccentColor;
				CODE_SIGN_STYLE = Automatic;
				CURRENT_PROJECT_VERSION = 1;
				GENERATE_INFOPLIST_FILE = YES;
				INFOPLIST_FILE = S567006WhackAMole/Info.plist;
				INFOPLIST_KEY_UIApplicationSupportsIndirectInputEvents = YES;
				INFOPLIST_KEY_UILaunchStoryboardName = LaunchScreen;
				INFOPLIST_KEY_UIMainStoryboardFile = Main;
				INFOPLIST_KEY_UISupportedInterfaceOrientations_iPad = "UIInterfaceOrientationPortrait UIInterfaceOrientationPortraitUpsideDown UIInterfaceOrientationLandscapeLeft UIInterfaceOrientationLandscapeRight";
				INFOPLIST_KEY_UISupportedInterfaceOrientations_iPhone = "UIInterfaceOrientationPortrait UIInterfaceOrientationLandscapeLeft UIInterfaceOrientationLandscapeRight";
				LD_RUNPATH_SEARCH_PATHS = (
					"$(inherited)",
					"@executable_path/Frameworks",
				);
				MARKETING_VERSION = 1.0;
				PRODUCT_BUNDLE_IDENTIFIER = "-edu.nwmissouri.spring24.cs44643.sec03-.S567006WhackAMole";
				PRODUCT_NAME = "$(TARGET_NAME)";
				SWIFT_EMIT_LOC_STRINGS = YES;
				SWIFT_VERSION = 5.0;
				TARGETED_DEVICE_FAMILY = "1,2";
			};
			name = Release;
		};
		A58665602B7713EC00B71F90 /* Debug */ = {
			isa = XCBuildConfiguration;
			buildSettings = {
				ALWAYS_EMBED_SWIFT_STANDARD_LIBRARIES = YES;
				BUNDLE_LOADER = "$(TEST_HOST)";
				CODE_SIGN_STYLE = Automatic;
				CURRENT_PROJECT_VERSION = 1;
				GENERATE_INFOPLIST_FILE = YES;
				IPHONEOS_DEPLOYMENT_TARGET = 17.2;
				MARKETING_VERSION = 1.0;
				PRODUCT_BUNDLE_IDENTIFIER = "-edu.nwmissouri.spring24.cs44643.sec03-.S567006WhackAMoleTests";
				PRODUCT_NAME = "$(TARGET_NAME)";
				SWIFT_EMIT_LOC_STRINGS = NO;
				SWIFT_VERSION = 5.0;
				TARGETED_DEVICE_FAMILY = "1,2";
				TEST_HOST = "$(BUILT_PRODUCTS_DIR)/S567006WhackAMole.app/$(BUNDLE_EXECUTABLE_FOLDER_PATH)/S567006WhackAMole";
			};
			name = Debug;
		};
		A58665612B7713EC00B71F90 /* Release */ = {
			isa = XCBuildConfiguration;
			buildSettings = {
				ALWAYS_EMBED_SWIFT_STANDARD_LIBRARIES = YES;
				BUNDLE_LOADER = "$(TEST_HOST)";
				CODE_SIGN_STYLE = Automatic;
				CURRENT_PROJECT_VERSION = 1;
				GENERATE_INFOPLIST_FILE = YES;
				IPHONEOS_DEPLOYMENT_TARGET = 17.2;
				MARKETING_VERSION = 1.0;
				PRODUCT_BUNDLE_IDENTIFIER = "-edu.nwmissouri.spring24.cs44643.sec03-.S567006WhackAMoleTests";
				PRODUCT_NAME = "$(TARGET_NAME)";
				SWIFT_EMIT_LOC_STRINGS = NO;
				SWIFT_VERSION = 5.0;
				TARGETED_DEVICE_FAMILY = "1,2";
				TEST_HOST = "$(BUILT_PRODUCTS_DIR)/S567006WhackAMole.app/$(BUNDLE_EXECUTABLE_FOLDER_PATH)/S567006WhackAMole";
			};
			name = Release;
		};
		A58665632B7713EC00B71F90 /* Debug */ = {
			isa = XCBuildConfiguration;
			buildSettings = {
				ALWAYS_EMBED_SWIFT_STANDARD_LIBRARIES = YES;
				CODE_SIGN_STYLE = Automatic;
				CURRENT_PROJECT_VERSION = 1;
				GENERATE_INFOPLIST_FILE = YES;
				MARKETING_VERSION = 1.0;
				PRODUCT_BUNDLE_IDENTIFIER = "-edu.nwmissouri.spring24.cs44643.sec03-.S567006WhackAMoleUITests";
				PRODUCT_NAME = "$(TARGET_NAME)";
				SWIFT_EMIT_LOC_STRINGS = NO;
				SWIFT_VERSION = 5.0;
				TARGETED_DEVICE_FAMILY = "1,2";
				TEST_TARGET_NAME = S567006WhackAMole;
			};
			name = Debug;
		};
		A58665642B7713EC00B71F90 /* Release */ = {
			isa = XCBuildConfiguration;
			buildSettings = {
				ALWAYS_EMBED_SWIFT_STANDARD_LIBRARIES = YES;
				CODE_SIGN_STYLE = Automatic;
				CURRENT_PROJECT_VERSION = 1;
				GENERATE_INFOPLIST_FILE = YES;
				MARKETING_VERSION = 1.0;
				PRODUCT_BUNDLE_IDENTIFIER = "-edu.nwmissouri.spring24.cs44643.sec03-.S567006WhackAMoleUITests";
				PRODUCT_NAME = "$(TARGET_NAME)";
				SWIFT_EMIT_LOC_STRINGS = NO;
				SWIFT_VERSION = 5.0;
				TARGETED_DEVICE_FAMILY = "1,2";
				TEST_TARGET_NAME = S567006WhackAMole;
			};
			name = Release;
		};
/* End XCBuildConfiguration section */

/* Begin XCConfigurationList section */
		A586652D2B7713E900B71F90 /* Build configuration list for PBXProject "S567006WhackAMole" */ = {
			isa = XCConfigurationList;
			buildConfigurations = (
				A586655A2B7713EC00B71F90 /* Debug */,
				A586655B2B7713EC00B71F90 /* Release */,
			);
			defaultConfigurationIsVisible = 0;
			defaultConfigurationName = Release;
		};
		A586655C2B7713EC00B71F90 /* Build configuration list for PBXNativeTarget "S567006WhackAMole" */ = {
			isa = XCConfigurationList;
			buildConfigurations = (
				A586655D2B7713EC00B71F90 /* Debug */,
				A586655E2B7713EC00B71F90 /* Release */,
			);
			defaultConfigurationIsVisible = 0;
			defaultConfigurationName = Release;
		};
		A586655F2B7713EC00B71F90 /* Build configuration list for PBXNativeTarget "S567006WhackAMoleTests" */ = {
			isa = XCConfigurationList;
			buildConfigurations = (
				A58665602B7713EC00B71F90 /* Debug */,
				A58665612B7713EC00B71F90 /* Release */,
			);
			defaultConfigurationIsVisible = 0;
			defaultConfigurationName = Release;
		};
		A58665622B7713EC00B71F90 /* Build configuration list for PBXNativeTarget "S567006WhackAMoleUITests" */ = {
			isa = XCConfigurationList;
			buildConfigurations = (
				A58665632B7713EC00B71F90 /* Debug */,
				A58665642B7713EC00B71F90 /* Release */,
			);
			defaultConfigurationIsVisible = 0;
			defaultConfigurationName = Release;
		};
/* End XCConfigurationList section */
	};
	rootObject = A586652A2B7713E900B71F90 /* Project object */;
}
